{
  "name": "electron-react-boilerplate",
  "version": "2.3.0",
  "lockfileVersion": 2,
  "requires": true,
  "packages": {
    "": {
      "name": "electron-react-boilerplate",
      "version": "2.3.0",
      "hasInstallScript": true,
      "license": "MIT",
      "devDependencies": {
        "@types/react-beautiful-dnd": "^13.1.2",
        "@types/react-dragula": "^1.1.0",
        "@types/styled-components": "^5.1.18"
      }
    },
    "node_modules/@types/dragula": {
      "version": "3.7.1",
      "resolved": "https://registry.npmjs.org/@types/dragula/-/dragula-3.7.1.tgz",
      "integrity": "sha512-hbMEG5+wZEwV6NK4cbexldLWEvYNox8PywM9ICIeCTM99g8nJxccE3C8vvl66TCfnN+R8ioNdOrHWJT+5X0pvw==",
      "dev": true
    },
    "node_modules/@types/hoist-non-react-statics": {
      "version": "3.3.1",
      "resolved": "https://registry.npmjs.org/@types/hoist-non-react-statics/-/hoist-non-react-statics-3.3.1.tgz",
      "integrity": "sha512-iMIqiko6ooLrTh1joXodJK5X9xeEALT1kM5G3ZLhD3hszxBdIEd5C75U834D9mLcINgD4OyZf5uQXjkuYydWvA==",
      "dev": true,
      "dependencies": {
        "@types/react": "*",
        "hoist-non-react-statics": "^3.3.0"
      }
    },
    "node_modules/@types/prop-types": {
      "version": "15.7.4",
      "resolved": "https://registry.npmjs.org/@types/prop-types/-/prop-types-15.7.4.tgz",
      "integrity": "sha512-rZ5drC/jWjrArrS8BR6SIr4cWpW09RNTYt9AMZo3Jwwif+iacXAqgVjm0B0Bv/S1jhDXKHqRVNCbACkJ89RAnQ==",
      "dev": true
    },
    "node_modules/@types/react": {
      "version": "17.0.37",
      "resolved": "https://registry.npmjs.org/@types/react/-/react-17.0.37.tgz",
      "integrity": "sha512-2FS1oTqBGcH/s0E+CjrCCR9+JMpsu9b69RTFO+40ua43ZqP5MmQ4iUde/dMjWR909KxZwmOQIFq6AV6NjEG5xg==",
      "dev": true,
      "dependencies": {
        "@types/prop-types": "*",
        "@types/scheduler": "*",
        "csstype": "^3.0.2"
      }
    },
    "node_modules/@types/react-beautiful-dnd": {
      "version": "13.1.2",
      "resolved": "https://registry.npmjs.org/@types/react-beautiful-dnd/-/react-beautiful-dnd-13.1.2.tgz",
      "integrity": "sha512-+OvPkB8CdE/bGdXKyIhc/Lm2U7UAYCCJgsqmopFmh9gbAudmslkI8eOrPDjg4JhwSE6wytz4a3/wRjKtovHVJg==",
      "dev": true,
      "dependencies": {
        "@types/react": "*"
      }
    },
    "node_modules/@types/react-dragula": {
      "version": "1.1.0",
      "resolved": "https://registry.npmjs.org/@types/react-dragula/-/react-dragula-1.1.0.tgz",
      "integrity": "sha512-wgRIVV2jo/Gria1PK3K26II7gfRD3VTcMfPYhL0CuIApSeon7xjBTj8Xs8Ln+Vbb/FuRKWfUaJXmF4R3KUGntA==",
      "dev": true,
      "dependencies": {
        "@types/dragula": "*"
      }
    },
    "node_modules/@types/scheduler": {
      "version": "0.16.2",
      "resolved": "https://registry.npmjs.org/@types/scheduler/-/scheduler-0.16.2.tgz",
      "integrity": "sha512-hppQEBDmlwhFAXKJX2KnWLYu5yMfi91yazPb2l+lbJiwW+wdo1gNeRA+3RgNSO39WYX2euey41KEwnqesU2Jew==",
      "dev": true
    },
    "node_modules/@types/styled-components": {
      "version": "5.1.18",
      "resolved": "https://registry.npmjs.org/@types/styled-components/-/styled-components-5.1.18.tgz",
      "integrity": "sha512-xPTYmWP7Mxk5TAD3pYsqjwA9G5fAI8e/S51QUJEl7EQD1siKCdiYXIWiH2lzoHRl+QqbQCJMcGv3YTF3OmyPdQ==",
      "dev": true,
      "dependencies": {
        "@types/hoist-non-react-statics": "*",
        "@types/react": "*",
        "csstype": "^3.0.2"
      }
    },
    "node_modules/csstype": {
      "version": "3.0.10",
      "resolved": "https://registry.npmjs.org/csstype/-/csstype-3.0.10.tgz",
      "integrity": "sha512-2u44ZG2OcNUO9HDp/Jl8C07x6pU/eTR3ncV91SiK3dhG9TWvRVsCoJw14Ckx5DgWkzGA3waZWO3d7pgqpUI/XA==",
      "dev": true
    },
    "node_modules/hoist-non-react-statics": {
      "version": "3.3.2",
      "resolved": "https://registry.npmjs.org/hoist-non-react-statics/-/hoist-non-react-statics-3.3.2.tgz",
      "integrity": "sha512-/gGivxi8JPKWNm/W0jSmzcMPpfpPLc3dY/6GxhX2hQ9iGj3aDfklV4ET7NjKpSinLpJ5vafa9iiGIEZg10SfBw==",
      "dev": true,
      "dependencies": {
        "react-is": "^16.7.0"
      }
    },
    "node_modules/react-is": {
      "version": "16.13.1",
      "resolved": "https://registry.npmjs.org/react-is/-/react-is-16.13.1.tgz",
      "integrity": "sha512-24e6ynE2H+OKt4kqsOvNd8kBpV65zoxbA4BVsEOB3ARVWQki/DHzaUoC5KuON/BiccDaCCTZBuOcfZs70kR8bQ==",
      "dev": true
    }
  },
  "dependencies": {
    "@types/dragula": {
      "version": "3.7.1",
      "resolved": "https://registry.npmjs.org/@types/dragula/-/dragula-3.7.1.tgz",
      "integrity": "sha512-hbMEG5+wZEwV6NK4cbexldLWEvYNox8PywM9ICIeCTM99g8nJxccE3C8vvl66TCfnN+R8ioNdOrHWJT+5X0pvw==",
      "dev": true
    },
    "@types/hoist-non-react-statics": {
      "version": "3.3.1",
      "resolved": "https://registry.npmjs.org/@types/hoist-non-react-statics/-/hoist-non-react-statics-3.3.1.tgz",
      "integrity": "sha512-iMIqiko6ooLrTh1joXodJK5X9xeEALT1kM5G3ZLhD3hszxBdIEd5C75U834D9mLcINgD4OyZf5uQXjkuYydWvA==",
      "dev": true,
      "requires": {
        "@types/react": "*",
        "hoist-non-react-statics": "^3.3.0"
      }
    },
    "@types/prop-types": {
      "version": "15.7.4",
      "resolved": "https://registry.npmjs.org/@types/prop-types/-/prop-types-15.7.4.tgz",
      "integrity": "sha512-rZ5drC/jWjrArrS8BR6SIr4cWpW09RNTYt9AMZo3Jwwif+iacXAqgVjm0B0Bv/S1jhDXKHqRVNCbACkJ89RAnQ==",
      "dev": true
    },
    "@types/react": {
      "version": "17.0.37",
      "resolved": "https://registry.npmjs.org/@types/react/-/react-17.0.37.tgz",
      "integrity": "sha512-2FS1oTqBGcH/s0E+CjrCCR9+JMpsu9b69RTFO+40ua43ZqP5MmQ4iUde/dMjWR909KxZwmOQIFq6AV6NjEG5xg==",
      "dev": true,
      "requires": {
        "@types/prop-types": "*",
        "@types/scheduler": "*",
        "csstype": "^3.0.2"
      }
    },
    "@types/react-beautiful-dnd": {
      "version": "13.1.2",
      "resolved": "https://registry.npmjs.org/@types/react-beautiful-dnd/-/react-beautiful-dnd-13.1.2.tgz",
      "integrity": "sha512-+OvPkB8CdE/bGdXKyIhc/Lm2U7UAYCCJgsqmopFmh9gbAudmslkI8eOrPDjg4JhwSE6wytz4a3/wRjKtovHVJg==",
      "dev": true,
      "requires": {
        "@types/react": "*"
      }
    },
    "@types/react-dragula": {
      "version": "1.1.0",
      "resolved": "https://registry.npmjs.org/@types/react-dragula/-/react-dragula-1.1.0.tgz",
      "integrity": "sha512-wgRIVV2jo/Gria1PK3K26II7gfRD3VTcMfPYhL0CuIApSeon7xjBTj8Xs8Ln+Vbb/FuRKWfUaJXmF4R3KUGntA==",
      "dev": true,
      "requires": {
        "@types/dragula": "*"
      }
    },
    "@types/scheduler": {
      "version": "0.16.2",
      "resolved": "https://registry.npmjs.org/@types/scheduler/-/scheduler-0.16.2.tgz",
      "integrity": "sha512-hppQEBDmlwhFAXKJX2KnWLYu5yMfi91yazPb2l+lbJiwW+wdo1gNeRA+3RgNSO39WYX2euey41KEwnqesU2Jew==",
      "dev": true
    },
    "@types/styled-components": {
      "version": "5.1.18",
      "resolved": "https://registry.npmjs.org/@types/styled-components/-/styled-components-5.1.18.tgz",
      "integrity": "sha512-xPTYmWP7Mxk5TAD3pYsqjwA9G5fAI8e/S51QUJEl7EQD1siKCdiYXIWiH2lzoHRl+QqbQCJMcGv3YTF3OmyPdQ==",
      "dev": true,
      "requires": {
        "@types/hoist-non-react-statics": "*",
        "@types/react": "*",
        "csstype": "^3.0.2"
      }
    },
    "csstype": {
      "version": "3.0.10",
      "resolved": "https://registry.npmjs.org/csstype/-/csstype-3.0.10.tgz",
      "integrity": "sha512-2u44ZG2OcNUO9HDp/Jl8C07x6pU/eTR3ncV91SiK3dhG9TWvRVsCoJw14Ckx5DgWkzGA3waZWO3d7pgqpUI/XA==",
      "dev": true
    },
    "hoist-non-react-statics": {
      "version": "3.3.2",
      "resolved": "https://registry.npmjs.org/hoist-non-react-statics/-/hoist-non-react-statics-3.3.2.tgz",
      "integrity": "sha512-/gGivxi8JPKWNm/W0jSmzcMPpfpPLc3dY/6GxhX2hQ9iGj3aDfklV4ET7NjKpSinLpJ5vafa9iiGIEZg10SfBw==",
      "dev": true,
      "requires": {
        "react-is": "^16.7.0"
      }
    },
    "react-is": {
      "version": "16.13.1",
      "resolved": "https://registry.npmjs.org/react-is/-/react-is-16.13.1.tgz",
      "integrity": "sha512-24e6ynE2H+OKt4kqsOvNd8kBpV65zoxbA4BVsEOB3ARVWQki/DHzaUoC5KuON/BiccDaCCTZBuOcfZs70kR8bQ==",
      "dev": true
    }
  }
}
