{
  "name": "electron-react-boilerplate",
  "version": "2.3.0",
  "lockfileVersion": 2,
  "requires": true,
  "packages": {
    "": {
      "name": "electron-react-boilerplate",
      "version": "2.3.0",
      "hasInstallScript": true,
      "license": "MIT",
      "devDependencies": {
        "@types/react-beautiful-dnd": "^13.1.2",
        "@types/react-dragula": "^1.1.0"
      }
    },
    "node_modules/@types/dragula": {
      "version": "3.7.1",
      "resolved": "https://registry.npmjs.org/@types/dragula/-/dragula-3.7.1.tgz",
      "integrity": "sha512-hbMEG5+wZEwV6NK4cbexldLWEvYNox8PywM9ICIeCTM99g8nJxccE3C8vvl66TCfnN+R8ioNdOrHWJT+5X0pvw==",
      "dev": true
    },
    "node_modules/@types/prop-types": {
      "version": "15.7.4",
      "resolved": "https://registry.npmjs.org/@types/prop-types/-/prop-types-15.7.4.tgz",
      "integrity": "sha512-rZ5drC/jWjrArrS8BR6SIr4cWpW09RNTYt9AMZo3Jwwif+iacXAqgVjm0B0Bv/S1jhDXKHqRVNCbACkJ89RAnQ==",
      "dev": true
    },
    "node_modules/@types/react": {
      "version": "17.0.37",
      "resolved": "https://registry.npmjs.org/@types/react/-/react-17.0.37.tgz",
      "integrity": "sha512-2FS1oTqBGcH/s0E+CjrCCR9+JMpsu9b69RTFO+40ua43ZqP5MmQ4iUde/dMjWR909KxZwmOQIFq6AV6NjEG5xg==",
      "dev": true,
      "dependencies": {
        "@types/prop-types": "*",
        "@types/scheduler": "*",
        "csstype": "^3.0.2"
      }
    },
    "node_modules/@types/react-beautiful-dnd": {
      "version": "13.1.2",
      "resolved": "https://registry.npmjs.org/@types/react-beautiful-dnd/-/react-beautiful-dnd-13.1.2.tgz",
      "integrity": "sha512-+OvPkB8CdE/bGdXKyIhc/Lm2U7UAYCCJgsqmopFmh9gbAudmslkI8eOrPDjg4JhwSE6wytz4a3/wRjKtovHVJg==",
      "dev": true,
      "dependencies": {
        "@types/react": "*"
      }
    },
    "node_modules/@types/react-dragula": {
      "version": "1.1.0",
      "resolved": "https://registry.npmjs.org/@types/react-dragula/-/react-dragula-1.1.0.tgz",
      "integrity": "sha512-wgRIVV2jo/Gria1PK3K26II7gfRD3VTcMfPYhL0CuIApSeon7xjBTj8Xs8Ln+Vbb/FuRKWfUaJXmF4R3KUGntA==",
      "dev": true,
      "dependencies": {
        "@types/dragula": "*"
      }
    },
    "node_modules/@types/scheduler": {
      "version": "0.16.2",
      "resolved": "https://registry.npmjs.org/@types/scheduler/-/scheduler-0.16.2.tgz",
      "integrity": "sha512-hppQEBDmlwhFAXKJX2KnWLYu5yMfi91yazPb2l+lbJiwW+wdo1gNeRA+3RgNSO39WYX2euey41KEwnqesU2Jew==",
      "dev": true
    },
    "node_modules/csstype": {
      "version": "3.0.10",
      "resolved": "https://registry.npmjs.org/csstype/-/csstype-3.0.10.tgz",
      "integrity": "sha512-2u44ZG2OcNUO9HDp/Jl8C07x6pU/eTR3ncV91SiK3dhG9TWvRVsCoJw14Ckx5DgWkzGA3waZWO3d7pgqpUI/XA==",
      "dev": true
    }
  },
  "dependencies": {
    "@types/dragula": {
      "version": "3.7.1",
      "resolved": "https://registry.npmjs.org/@types/dragula/-/dragula-3.7.1.tgz",
      "integrity": "sha512-hbMEG5+wZEwV6NK4cbexldLWEvYNox8PywM9ICIeCTM99g8nJxccE3C8vvl66TCfnN+R8ioNdOrHWJT+5X0pvw==",
      "dev": true
    },
    "@types/prop-types": {
      "version": "15.7.4",
      "resolved": "https://registry.npmjs.org/@types/prop-types/-/prop-types-15.7.4.tgz",
      "integrity": "sha512-rZ5drC/jWjrArrS8BR6SIr4cWpW09RNTYt9AMZo3Jwwif+iacXAqgVjm0B0Bv/S1jhDXKHqRVNCbACkJ89RAnQ==",
      "dev": true
    },
    "@types/react": {
      "version": "17.0.37",
      "resolved": "https://registry.npmjs.org/@types/react/-/react-17.0.37.tgz",
      "integrity": "sha512-2FS1oTqBGcH/s0E+CjrCCR9+JMpsu9b69RTFO+40ua43ZqP5MmQ4iUde/dMjWR909KxZwmOQIFq6AV6NjEG5xg==",
      "dev": true,
      "requires": {
        "@types/prop-types": "*",
        "@types/scheduler": "*",
        "csstype": "^3.0.2"
      }
    },
    "@types/react-beautiful-dnd": {
      "version": "13.1.2",
      "resolved": "https://registry.npmjs.org/@types/react-beautiful-dnd/-/react-beautiful-dnd-13.1.2.tgz",
      "integrity": "sha512-+OvPkB8CdE/bGdXKyIhc/Lm2U7UAYCCJgsqmopFmh9gbAudmslkI8eOrPDjg4JhwSE6wytz4a3/wRjKtovHVJg==",
      "dev": true,
      "requires": {
        "@types/react": "*"
      }
    },
    "@types/react-dragula": {
      "version": "1.1.0",
      "resolved": "https://registry.npmjs.org/@types/react-dragula/-/react-dragula-1.1.0.tgz",
      "integrity": "sha512-wgRIVV2jo/Gria1PK3K26II7gfRD3VTcMfPYhL0CuIApSeon7xjBTj8Xs8Ln+Vbb/FuRKWfUaJXmF4R3KUGntA==",
      "dev": true,
      "requires": {
        "@types/dragula": "*"
      }
    },
    "@types/scheduler": {
      "version": "0.16.2",
      "resolved": "https://registry.npmjs.org/@types/scheduler/-/scheduler-0.16.2.tgz",
      "integrity": "sha512-hppQEBDmlwhFAXKJX2KnWLYu5yMfi91yazPb2l+lbJiwW+wdo1gNeRA+3RgNSO39WYX2euey41KEwnqesU2Jew==",
      "dev": true
    },
    "csstype": {
      "version": "3.0.10",
      "resolved": "https://registry.npmjs.org/csstype/-/csstype-3.0.10.tgz",
      "integrity": "sha512-2u44ZG2OcNUO9HDp/Jl8C07x6pU/eTR3ncV91SiK3dhG9TWvRVsCoJw14Ckx5DgWkzGA3waZWO3d7pgqpUI/XA==",
      "dev": true
    }
  }
}
